
Microsoft Visual Studio Solution File, Format Version 12.00
# Visual Studio Version 17
VisualStudioVersion = 17.3.32825.248
MinimumVisualStudioVersion = 10.0.40219.1
Project("{FAE04EC0-301F-11D3-BF4B-00C04F79EFBC}") = "Lab_3", "Lab_3.csproj", "{B9366A40-A0D9-4AB2-8470-DFF767CD8B3F}"
EndProject
Global
	GlobalSection(SolutionConfigurationPlatforms) = preSolution
		Debug|Any CPU = Debug|Any CPU
		Release|Any CPU = Release|Any CPU
	EndGlobalSection
	GlobalSection(ProjectConfigurationPlatforms) = postSolution
		{B9366A40-A0D9-4AB2-8470-DFF767CD8B3F}.Debug|Any CPU.ActiveCfg = Debug|Any CPU
		{B9366A40-A0D9-4AB2-8470-DFF767CD8B3F}.Debug|Any CPU.Build.0 = Debug|Any CPU
		{B9366A40-A0D9-4AB2-8470-DFF767CD8B3F}.Release|Any CPU.ActiveCfg = Release|Any CPU
		{B9366A40-A0D9-4AB2-8470-DFF767CD8B3F}.Release|Any CPU.Build.0 = Release|Any CPU
	EndGlobalSection
	GlobalSection(SolutionProperties) = preSolution
		HideSolutionNode = FALSE
	EndGlobalSection
	GlobalSection(ExtensibilityGlobals) = postSolution
		SolutionGuid = {ED9B0C38-0FF6-48D4-AF45-126EBB31D3F6}
	EndGlobalSection
EndGlobal
